
Microsoft Visual Studio Solution File, Format Version 12.00
# Visual Studio Version 17
Project("{8BC9CEB8-8B4A-11D0-8D11-00A0C91BC942}") = "ALL_BUILD", "ALL_BUILD.vcxproj", "{2FA362F6-7AFD-37D7-A750-EE5792678E67}"
	ProjectSection(ProjectDependencies) = postProject
		{E02E76EA-9DC0-36D7-8FE1-B022D4D22CE9} = {E02E76EA-9DC0-36D7-8FE1-B022D4D22CE9}
		{DBE295F0-3A46-3204-9190-88015BEE4CE3} = {DBE295F0-3A46-3204-9190-88015BEE4CE3}
	EndProjectSection
EndProject
Project("{8BC9CEB8-8B4A-11D0-8D11-00A0C91BC942}") = "INSTALL", "INSTALL.vcxproj", "{ACA99A80-7B3B-390F-9617-D58F63641AD1}"
	ProjectSection(ProjectDependencies) = postProject
		{2FA362F6-7AFD-37D7-A750-EE5792678E67} = {2FA362F6-7AFD-37D7-A750-EE5792678E67}
		{E02E76EA-9DC0-36D7-8FE1-B022D4D22CE9} = {E02E76EA-9DC0-36D7-8FE1-B022D4D22CE9}
	EndProjectSection
EndProject
Project("{8BC9CEB8-8B4A-11D0-8D11-00A0C91BC942}") = "ZERO_CHECK", "ZERO_CHECK.vcxproj", "{E02E76EA-9DC0-36D7-8FE1-B022D4D22CE9}"
	ProjectSection(ProjectDependencies) = postProject
	EndProjectSection
EndProject
Project("{8BC9CEB8-8B4A-11D0-8D11-00A0C91BC942}") = "liveops_sentinel", "liveops_sentinel.vcxproj", "{DBE295F0-3A46-3204-9190-88015BEE4CE3}"
	ProjectSection(ProjectDependencies) = postProject
		{E02E76EA-9DC0-36D7-8FE1-B022D4D22CE9} = {E02E76EA-9DC0-36D7-8FE1-B022D4D22CE9}
	EndProjectSection
EndProject
Global
	GlobalSection(SolutionConfigurationPlatforms) = preSolution
		Debug|x64 = Debug|x64
		Release|x64 = Release|x64
		MinSizeRel|x64 = MinSizeRel|x64
		RelWithDebInfo|x64 = RelWithDebInfo|x64
	EndGlobalSection
	GlobalSection(ProjectConfigurationPlatforms) = postSolution
		{2FA362F6-7AFD-37D7-A750-EE5792678E67}.Debug|x64.ActiveCfg = Debug|x64
		{2FA362F6-7AFD-37D7-A750-EE5792678E67}.Debug|x64.Build.0 = Debug|x64
		{2FA362F6-7AFD-37D7-A750-EE5792678E67}.Release|x64.ActiveCfg = Release|x64
		{2FA362F6-7AFD-37D7-A750-EE5792678E67}.Release|x64.Build.0 = Release|x64
		{2FA362F6-7AFD-37D7-A750-EE5792678E67}.MinSizeRel|x64.ActiveCfg = MinSizeRel|x64
		{2FA362F6-7AFD-37D7-A750-EE5792678E67}.MinSizeRel|x64.Build.0 = MinSizeRel|x64
		{2FA362F6-7AFD-37D7-A750-EE5792678E67}.RelWithDebInfo|x64.ActiveCfg = RelWithDebInfo|x64
		{2FA362F6-7AFD-37D7-A750-EE5792678E67}.RelWithDebInfo|x64.Build.0 = RelWithDebInfo|x64
		{ACA99A80-7B3B-390F-9617-D58F63641AD1}.Debug|x64.ActiveCfg = Debug|x64
		{ACA99A80-7B3B-390F-9617-D58F63641AD1}.Release|x64.ActiveCfg = Release|x64
		{ACA99A80-7B3B-390F-9617-D58F63641AD1}.MinSizeRel|x64.ActiveCfg = MinSizeRel|x64
		{ACA99A80-7B3B-390F-9617-D58F63641AD1}.RelWithDebInfo|x64.ActiveCfg = RelWithDebInfo|x64
		{E02E76EA-9DC0-36D7-8FE1-B022D4D22CE9}.Debug|x64.ActiveCfg = Debug|x64
		{E02E76EA-9DC0-36D7-8FE1-B022D4D22CE9}.Debug|x64.Build.0 = Debug|x64
		{E02E76EA-9DC0-36D7-8FE1-B022D4D22CE9}.Release|x64.ActiveCfg = Release|x64
		{E02E76EA-9DC0-36D7-8FE1-B022D4D22CE9}.Release|x64.Build.0 = Release|x64
		{E02E76EA-9DC0-36D7-8FE1-B022D4D22CE9}.MinSizeRel|x64.ActiveCfg = MinSizeRel|x64
		{E02E76EA-9DC0-36D7-8FE1-B022D4D22CE9}.MinSizeRel|x64.Build.0 = MinSizeRel|x64
		{E02E76EA-9DC0-36D7-8FE1-B022D4D22CE9}.RelWithDebInfo|x64.ActiveCfg = RelWithDebInfo|x64
		{E02E76EA-9DC0-36D7-8FE1-B022D4D22CE9}.RelWithDebInfo|x64.Build.0 = RelWithDebInfo|x64
		{DBE295F0-3A46-3204-9190-88015BEE4CE3}.Debug|x64.ActiveCfg = Debug|x64
		{DBE295F0-3A46-3204-9190-88015BEE4CE3}.Debug|x64.Build.0 = Debug|x64
		{DBE295F0-3A46-3204-9190-88015BEE4CE3}.Release|x64.ActiveCfg = Release|x64
		{DBE295F0-3A46-3204-9190-88015BEE4CE3}.Release|x64.Build.0 = Release|x64
		{DBE295F0-3A46-3204-9190-88015BEE4CE3}.MinSizeRel|x64.ActiveCfg = MinSizeRel|x64
		{DBE295F0-3A46-3204-9190-88015BEE4CE3}.MinSizeRel|x64.Build.0 = MinSizeRel|x64
		{DBE295F0-3A46-3204-9190-88015BEE4CE3}.RelWithDebInfo|x64.ActiveCfg = RelWithDebInfo|x64
		{DBE295F0-3A46-3204-9190-88015BEE4CE3}.RelWithDebInfo|x64.Build.0 = RelWithDebInfo|x64
	EndGlobalSection
	GlobalSection(ExtensibilityGlobals) = postSolution
		SolutionGuid = {E016EFAE-B895-3D7A-AF16-66FC9BAFF9F3}
	EndGlobalSection
	GlobalSection(ExtensibilityAddIns) = postSolution
	EndGlobalSection
EndGlobal
