
Microsoft Visual Studio Solution File, Format Version 12.00
# Visual Studio Version 17
Project("{8BC9CEB8-8B4A-11D0-8D11-00A0C91BC942}") = "ALL_BUILD", "ALL_BUILD.vcxproj", "{8D6145B7-BE07-3ED9-930E-84FAF490D481}"
	ProjectSection(ProjectDependencies) = postProject
		{6C81C259-A47E-3418-9FD5-3FC963FF96BF} = {6C81C259-A47E-3418-9FD5-3FC963FF96BF}
		{5F6DA5A6-AC79-3EFA-86F4-FB232B79D0E7} = {5F6DA5A6-AC79-3EFA-86F4-FB232B79D0E7}
	EndProjectSection
EndProject
Project("{8BC9CEB8-8B4A-11D0-8D11-00A0C91BC942}") = "INSTALL", "INSTALL.vcxproj", "{DFFC3339-5DE0-3853-9538-3E1F884938E3}"
	ProjectSection(ProjectDependencies) = postProject
		{8D6145B7-BE07-3ED9-930E-84FAF490D481} = {8D6145B7-BE07-3ED9-930E-84FAF490D481}
		{6C81C259-A47E-3418-9FD5-3FC963FF96BF} = {6C81C259-A47E-3418-9FD5-3FC963FF96BF}
	EndProjectSection
EndProject
Project("{8BC9CEB8-8B4A-11D0-8D11-00A0C91BC942}") = "ZERO_CHECK", "ZERO_CHECK.vcxproj", "{6C81C259-A47E-3418-9FD5-3FC963FF96BF}"
	ProjectSection(ProjectDependencies) = postProject
	EndProjectSection
EndProject
Project("{8BC9CEB8-8B4A-11D0-8D11-00A0C91BC942}") = "liveops_sentinel", "liveops_sentinel.vcxproj", "{5F6DA5A6-AC79-3EFA-86F4-FB232B79D0E7}"
	ProjectSection(ProjectDependencies) = postProject
		{6C81C259-A47E-3418-9FD5-3FC963FF96BF} = {6C81C259-A47E-3418-9FD5-3FC963FF96BF}
	EndProjectSection
EndProject
Global
	GlobalSection(SolutionConfigurationPlatforms) = preSolution
		Debug|x64 = Debug|x64
		Release|x64 = Release|x64
		MinSizeRel|x64 = MinSizeRel|x64
		RelWithDebInfo|x64 = RelWithDebInfo|x64
	EndGlobalSection
	GlobalSection(ProjectConfigurationPlatforms) = postSolution
		{8D6145B7-BE07-3ED9-930E-84FAF490D481}.Debug|x64.ActiveCfg = Debug|x64
		{8D6145B7-BE07-3ED9-930E-84FAF490D481}.Debug|x64.Build.0 = Debug|x64
		{8D6145B7-BE07-3ED9-930E-84FAF490D481}.Release|x64.ActiveCfg = Release|x64
		{8D6145B7-BE07-3ED9-930E-84FAF490D481}.Release|x64.Build.0 = Release|x64
		{8D6145B7-BE07-3ED9-930E-84FAF490D481}.MinSizeRel|x64.ActiveCfg = MinSizeRel|x64
		{8D6145B7-BE07-3ED9-930E-84FAF490D481}.MinSizeRel|x64.Build.0 = MinSizeRel|x64
		{8D6145B7-BE07-3ED9-930E-84FAF490D481}.RelWithDebInfo|x64.ActiveCfg = RelWithDebInfo|x64
		{8D6145B7-BE07-3ED9-930E-84FAF490D481}.RelWithDebInfo|x64.Build.0 = RelWithDebInfo|x64
		{DFFC3339-5DE0-3853-9538-3E1F884938E3}.Debug|x64.ActiveCfg = Debug|x64
		{DFFC3339-5DE0-3853-9538-3E1F884938E3}.Release|x64.ActiveCfg = Release|x64
		{DFFC3339-5DE0-3853-9538-3E1F884938E3}.MinSizeRel|x64.ActiveCfg = MinSizeRel|x64
		{DFFC3339-5DE0-3853-9538-3E1F884938E3}.RelWithDebInfo|x64.ActiveCfg = RelWithDebInfo|x64
		{6C81C259-A47E-3418-9FD5-3FC963FF96BF}.Debug|x64.ActiveCfg = Debug|x64
		{6C81C259-A47E-3418-9FD5-3FC963FF96BF}.Debug|x64.Build.0 = Debug|x64
		{6C81C259-A47E-3418-9FD5-3FC963FF96BF}.Release|x64.ActiveCfg = Release|x64
		{6C81C259-A47E-3418-9FD5-3FC963FF96BF}.Release|x64.Build.0 = Release|x64
		{6C81C259-A47E-3418-9FD5-3FC963FF96BF}.MinSizeRel|x64.ActiveCfg = MinSizeRel|x64
		{6C81C259-A47E-3418-9FD5-3FC963FF96BF}.MinSizeRel|x64.Build.0 = MinSizeRel|x64
		{6C81C259-A47E-3418-9FD5-3FC963FF96BF}.RelWithDebInfo|x64.ActiveCfg = RelWithDebInfo|x64
		{6C81C259-A47E-3418-9FD5-3FC963FF96BF}.RelWithDebInfo|x64.Build.0 = RelWithDebInfo|x64
		{5F6DA5A6-AC79-3EFA-86F4-FB232B79D0E7}.Debug|x64.ActiveCfg = Debug|x64
		{5F6DA5A6-AC79-3EFA-86F4-FB232B79D0E7}.Debug|x64.Build.0 = Debug|x64
		{5F6DA5A6-AC79-3EFA-86F4-FB232B79D0E7}.Release|x64.ActiveCfg = Release|x64
		{5F6DA5A6-AC79-3EFA-86F4-FB232B79D0E7}.Release|x64.Build.0 = Release|x64
		{5F6DA5A6-AC79-3EFA-86F4-FB232B79D0E7}.MinSizeRel|x64.ActiveCfg = MinSizeRel|x64
		{5F6DA5A6-AC79-3EFA-86F4-FB232B79D0E7}.MinSizeRel|x64.Build.0 = MinSizeRel|x64
		{5F6DA5A6-AC79-3EFA-86F4-FB232B79D0E7}.RelWithDebInfo|x64.ActiveCfg = RelWithDebInfo|x64
		{5F6DA5A6-AC79-3EFA-86F4-FB232B79D0E7}.RelWithDebInfo|x64.Build.0 = RelWithDebInfo|x64
	EndGlobalSection
	GlobalSection(ExtensibilityGlobals) = postSolution
		SolutionGuid = {32210C9A-ED44-3A67-A268-E37F7E787DD5}
	EndGlobalSection
	GlobalSection(ExtensibilityAddIns) = postSolution
	EndGlobalSection
EndGlobal
